
Microsoft Visual Studio Solution File, Format Version 12.00
# Visual Studio Version 16
VisualStudioVersion = 16.0.32510.428
MinimumVisualStudioVersion = 10.0.40219.1
Project("{FAE04EC0-301F-11D3-BF4B-00C04F79EFBC}") = "BankProj", "BankProj.csproj", "{19FE0641-04DD-4B85-856D-6315CC2E02DE}"
EndProject
Global
	GlobalSection(SolutionConfigurationPlatforms) = preSolution
		Debug|Any CPU = Debug|Any CPU
		Release|Any CPU = Release|Any CPU
	EndGlobalSection
	GlobalSection(ProjectConfigurationPlatforms) = postSolution
		{19FE0641-04DD-4B85-856D-6315CC2E02DE}.Debug|Any CPU.ActiveCfg = Debug|Any CPU
		{19FE0641-04DD-4B85-856D-6315CC2E02DE}.Debug|Any CPU.Build.0 = Debug|Any CPU
		{19FE0641-04DD-4B85-856D-6315CC2E02DE}.Release|Any CPU.ActiveCfg = Release|Any CPU
		{19FE0641-04DD-4B85-856D-6315CC2E02DE}.Release|Any CPU.Build.0 = Release|Any CPU
	EndGlobalSection
	GlobalSection(SolutionProperties) = preSolution
		HideSolutionNode = FALSE
	EndGlobalSection
	GlobalSection(ExtensibilityGlobals) = postSolution
		SolutionGuid = {F8264519-AF78-4C4F-B81D-7C881E1B23AD}
	EndGlobalSection
EndGlobal
